
Microsoft Visual Studio Solution File, Format Version 12.00
# Visual Studio Version 16
VisualStudioVersion = 16.0.32228.343
MinimumVisualStudioVersion = 10.0.40219.1
Project("{9A19103F-16F7-4668-BE54-9A1E7A4F7556}") = "CMP1903M Assessment 1 Base Code", "CMP1903M Assessment 1 Base Code\CMP1903M Assessment 1 Base Code.csproj", "{87AEB7BE-417D-49F6-874B-9143BE5E557C}"
EndProject
Project("{2150E333-8FDC-42A3-9474-1A3956D46DE8}") = "Solution Items", "Solution Items", "{5BF13438-2114-456D-8854-39C7F9F4909A}"
	ProjectSection(SolutionItems) = preProject
		.editorconfig = .editorconfig
	EndProjectSection
EndProject
Global
	GlobalSection(SolutionConfigurationPlatforms) = preSolution
		Debug|Any CPU = Debug|Any CPU
		Release|Any CPU = Release|Any CPU
	EndGlobalSection
	GlobalSection(ProjectConfigurationPlatforms) = postSolution
		{87AEB7BE-417D-49F6-874B-9143BE5E557C}.Debug|Any CPU.ActiveCfg = Debug|Any CPU
		{87AEB7BE-417D-49F6-874B-9143BE5E557C}.Debug|Any CPU.Build.0 = Debug|Any CPU
		{87AEB7BE-417D-49F6-874B-9143BE5E557C}.Release|Any CPU.ActiveCfg = Release|Any CPU
		{87AEB7BE-417D-49F6-874B-9143BE5E557C}.Release|Any CPU.Build.0 = Release|Any CPU
	EndGlobalSection
	GlobalSection(SolutionProperties) = preSolution
		HideSolutionNode = FALSE
	EndGlobalSection
	GlobalSection(ExtensibilityGlobals) = postSolution
		SolutionGuid = {2DDBF107-6136-47D4-B09C-4C07375E6FAD}
	EndGlobalSection
EndGlobal
